
Microsoft Visual Studio Solution File, Format Version 12.00
# Visual Studio Version 16
VisualStudioVersion = 16.0.31005.135
MinimumVisualStudioVersion = 10.0.40219.1
Project("{FAE04EC0-301F-11D3-BF4B-00C04F79EFBC}") = "restAPIcrud", "restAPIcrud\restAPIcrud.csproj", "{2C1F3198-DF9B-4194-9083-CA73A74F712F}"
EndProject
Global
	GlobalSection(SolutionConfigurationPlatforms) = preSolution
		Debug|Any CPU = Debug|Any CPU
		Release|Any CPU = Release|Any CPU
	EndGlobalSection
	GlobalSection(ProjectConfigurationPlatforms) = postSolution
		{2C1F3198-DF9B-4194-9083-CA73A74F712F}.Debug|Any CPU.ActiveCfg = Debug|Any CPU
		{2C1F3198-DF9B-4194-9083-CA73A74F712F}.Debug|Any CPU.Build.0 = Debug|Any CPU
		{2C1F3198-DF9B-4194-9083-CA73A74F712F}.Release|Any CPU.ActiveCfg = Release|Any CPU
		{2C1F3198-DF9B-4194-9083-CA73A74F712F}.Release|Any CPU.Build.0 = Release|Any CPU
	EndGlobalSection
	GlobalSection(SolutionProperties) = preSolution
		HideSolutionNode = FALSE
	EndGlobalSection
	GlobalSection(ExtensibilityGlobals) = postSolution
		SolutionGuid = {4B36A65D-CDD0-4909-9F7B-855649F2A33E}
	EndGlobalSection
EndGlobal
